// !$*UTF8*$!
{
	archiveVersion = 1;
	classes = {
	};
	objectVersion = 46;
	objects = {

/* Begin PBXBuildFile section */
		555FA34C1E4D143B00B0EFA5 /* main.cpp in Sources */ = {isa = PBXBuildFile; fileRef = 555FA34B1E4D143B00B0EFA5 /* main.cpp */; };
/* End PBXBuildFile section */

/* Begin PBXCopyFilesBuildPhase section */
		555FA3461E4D143B00B0EFA5 /* CopyFiles */ = {
			isa = PBXCopyFilesBuildPhase;
			buildActionMask = 2147483647;
			dstPath = /usr/share/man/man1/;
			dstSubfolderSpec = 0;
			files = (
			);
			runOnlyForDeploymentPostprocessing = 1;
		};
/* End PBXCopyFilesBuildPhase section */

/* Begin PBXFileReference section */
		555FA3481E4D143B00B0EFA5 /* BrenoHomeWorkFeb9th */ = {isa = PBXFileReference; explicitFileType = "compiled.mach-o.executable"; includeInIndex = 0; path = BrenoHomeWorkFeb9th; sourceTree = BUILT_PRODUCTS_DIR; };
		555FA34B1E4D143B00B0EFA5 /* main.cpp */ = {isa = PBXFileReference; lastKnownFileType = sourcecode.cpp.cpp; path = main.cpp; sourceTree = "<group>"; };
/* End PBXFileReference section */

/* Begin PBXFrameworksBuildPhase section */
		555FA3451E4D143B00B0EFA5 /* Frameworks */ = {
			isa = PBXFrameworksBuildPhase;
			buildActionMask = 2147483647;
			files = (
			);
			runOnlyForDeploymentPostprocessing = 0;
		};
/* End PBXFrameworksBuildPhase section */

/* Begin PBXGroup section */
		555FA33F1E4D143B00B0EFA5 = {
			isa = PBXGroup;
			children = (
				555FA34A1E4D143B00B0EFA5 /* BrenoHomeWorkFeb9th */,
				555FA3491E4D143B00B0EFA5 /* Products */,
			);
			sourceTree = "<group>";
		};
		555FA3491E4D143B00B0EFA5 /* Products */ = {
			isa = PBXGroup;
			children = (
				555FA3481E4D143B00B0EFA5 /* BrenoHomeWorkFeb9th */,
			);
			name = Products;
			sourceTree = "<group>";
		};
		555FA34A1E4D143B00B0EFA5 /* BrenoHomeWorkFeb9th */ = {
			isa = PBXGroup;
			children = (
				555FA34B1E4D143B00B0EFA5 /* main.cpp */,
			);
			path = BrenoHomeWorkFeb9th;
			sourceTree = "<group>";
		};
/* End PBXGroup section */

/* Begin PBXNativeTarget section */
		555FA3471E4D143B00B0EFA5 /* BrenoHomeWorkFeb9th */ = {
			isa = PBXNativeTarget;
			buildConfigurationList = 555FA34F1E4D143B00B0EFA5 /* Build configuration list for PBXNativeTarget "BrenoHomeWorkFeb9th" */;
			buildPhases = (
				555FA3441E4D143B00B0EFA5 /* Sources */,
				555FA3451E4D143B00B0EFA5 /* Frameworks */,
				555FA3461E4D143B00B0EFA5 /* CopyFiles */,
			);
			buildRules = (
			);
			dependencies = (
			);
			name = BrenoHomeWorkFeb9th;
			productName = BrenoHomeWorkFeb9th;
			productReference = 555FA3481E4D143B00B0EFA5 /* BrenoHomeWorkFeb9th */;
			productType = "com.apple.product-type.tool";
		};
/* End PBXNativeTarget section */

/* Begin PBXProject section */
		555FA3401E4D143B00B0EFA5 /* Project object */ = {
			isa = PBXProject;
			attributes = {
				LastUpgradeCheck = 0810;
				ORGANIZATIONNAME = "Breno Sallouti";
				TargetAttributes = {
					555FA3471E4D143B00B0EFA5 = {
						CreatedOnToolsVersion = 8.1;
						ProvisioningStyle = Automatic;
					};
				};
			};
			buildConfigurationList = 555FA3431E4D143B00B0EFA5 /* Build configuration list for PBXProject "BrenoHomeWorkFeb9th" */;
			compatibilityVersion = "Xcode 3.2";
			developmentRegion = English;
			hasScannedForEncodings = 0;
			knownRegions = (
				en,
			);
			mainGroup = 555FA33F1E4D143B00B0EFA5;
			productRefGroup = 555FA3491E4D143B00B0EFA5 /* Products */;
			projectDirPath = "";
			projectRoot = "";
			targets = (
				555FA3471E4D143B00B0EFA5 /* BrenoHomeWorkFeb9th */,
			);
		};
/* End PBXProject section */

/* Begin PBXSourcesBuildPhase section */
		555FA3441E4D143B00B0EFA5 /* Sources */ = {
			isa = PBXSourcesBuildPhase;
			buildActionMask = 2147483647;
			files = (
				555FA34C1E4D143B00B0EFA5 /* main.cpp in Sources */,
			);
			runOnlyForDeploymentPostprocessing = 0;
		};
/* End PBXSourcesBuildPhase section */

/* Begin XCBuildConfiguration section */
		555FA34D1E4D143B00B0EFA5 /* Debug */ = {
			isa = XCBuildConfiguration;
			buildSettings = {
				ALWAYS_SEARCH_USER_PATHS = NO;
				CLANG_ANALYZER_NONNULL = YES;
				CLANG_CXX_LANGUAGE_STANDARD = "gnu++0x";
				CLANG_CXX_LIBRARY = "libc++";
				CLANG_ENABLE_MODULES = YES;
				CLANG_ENABLE_OBJC_ARC = YES;
				CLANG_WARN_BOOL_CONVERSION = YES;
				CLANG_WARN_CONSTANT_CONVERSION = YES;
				CLANG_WARN_DIRECT_OBJC_ISA_USAGE = YES_ERROR;
				CLANG_WARN_DOCUMENTATION_COMMENTS = YES;
				CLANG_WARN_EMPTY_BODY = YES;
				CLANG_WARN_ENUM_CONVERSION = YES;
				CLANG_WARN_INFINITE_RECURSION = YES;
				CLANG_WARN_INT_CONVERSION = YES;
				CLANG_WARN_OBJC_ROOT_CLASS = YES_ERROR;
				CLANG_WARN_SUSPICIOUS_MOVES = YES;
				CLANG_WARN_UNREACHABLE_CODE = YES;
				CLANG_WARN__DUPLICATE_METHOD_MATCH = YES;
				CODE_SIGN_IDENTITY = "-";
				COPY_PHASE_STRIP = NO;
				DEBUG_INFORMATION_FORMAT = dwarf;
				ENABLE_STRICT_OBJC_MSGSEND = YES;
				ENABLE_TESTABILITY = YES;
				GCC_C_LANGUAGE_STANDARD = gnu99;
				GCC_DYNAMIC_NO_PIC = NO;
				GCC_NO_COMMON_BLOCKS = YES;
				GCC_OPTIMIZATION_LEVEL = 0;
				GCC_PREPROCESSOR_DEFINITIONS = (
					"DEBUG=1",
					"$(inherited)",
				);
				GCC_WARN_64_TO_32_BIT_CONVERSION = YES;
				GCC_WARN_ABOUT_RETURN_TYPE = YES_ERROR;
				GCC_WARN_UNDECLARED_SELECTOR = YES;
				GCC_WARN_UNINITIALIZED_AUTOS = YES_AGGRESSIVE;
				GCC_WARN_UNUSED_FUNCTION = YES;
				GCC_WARN_UNUSED_VARIABLE = YES;
				MACOSX_DEPLOYMENT_TARGET = 10.12;
				MTL_ENABLE_DEBUG_INFO = YES;
				ONLY_ACTIVE_ARCH = YES;
				SDKROOT = macosx;
			};
			name = Debug;
		};
		555FA34E1E4D143B00B0EFA5 /* Release */ = {
			isa = XCBuildConfiguration;
			buildSettings = {
				ALWAYS_SEARCH_USER_PATHS = NO;
				CLANG_ANALYZER_NONNULL = YES;
				CLANG_CXX_LANGUAGE_STANDARD = "gnu++0x";
				CLANG_CXX_LIBRARY = "libc++";
				CLANG_ENABLE_MODULES = YES;
				CLANG_ENABLE_OBJC_ARC = YES;
				CLANG_WARN_BOOL_CONVERSION = YES;
				CLANG_WARN_CONSTANT_CONVERSION = YES;
				CLANG_WARN_DIRECT_OBJC_ISA_USAGE = YES_ERROR;
				CLANG_WARN_DOCUMENTATION_COMMENTS = YES;
				CLANG_WARN_EMPTY_BODY = YES;
				CLANG_WARN_ENUM_CONVERSION = YES;
				CLANG_WARN_INFINITE_RECURSION = YES;
				CLANG_WARN_INT_CONVERSION = YES;
				CLANG_WARN_OBJC_ROOT_CLASS = YES_ERROR;
				CLANG_WARN_SUSPICIOUS_MOVES = YES;
				CLANG_WARN_UNREACHABLE_CODE = YES;
				CLANG_WARN__DUPLICATE_METHOD_MATCH = YES;
				CODE_SIGN_IDENTITY = "-";
				COPY_PHASE_STRIP = NO;
				DEBUG_INFORMATION_FORMAT = "dwarf-with-dsym";
				ENABLE_NS_ASSERTIONS = NO;
				ENABLE_STRICT_OBJC_MSGSEND = YES;
				GCC_C_LANGUAGE_STANDARD = gnu99;
				GCC_NO_COMMON_BLOCKS = YES;
				GCC_WARN_64_TO_32_BIT_CONVERSION = YES;
				GCC_WARN_ABOUT_RETURN_TYPE = YES_ERROR;
				GCC_WARN_UNDECLARED_SELECTOR = YES;
				GCC_WARN_UNINITIALIZED_AUTOS = YES_AGGRESSIVE;
				GCC_WARN_UNUSED_FUNCTION = YES;
				GCC_WARN_UNUSED_VARIABLE = YES;
				MACOSX_DEPLOYMENT_TARGET = 10.12;
				MTL_ENABLE_DEBUG_INFO = NO;
				SDKROOT = macosx;
			};
			name = Release;
		};
		555FA3501E4D143B00B0EFA5 /* Debug */ = {
			isa = XCBuildConfiguration;
			buildSettings = {
				PRODUCT_NAME = "$(TARGET_NAME)";
			};
			name = Debug;
		};
		555FA3511E4D143B00B0EFA5 /* Release */ = {
			isa = XCBuildConfiguration;
			buildSettings = {
				PRODUCT_NAME = "$(TARGET_NAME)";
			};
			name = Release;
		};
/* End XCBuildConfiguration section */

/* Begin XCConfigurationList section */
		555FA3431E4D143B00B0EFA5 /* Build configuration list for PBXProject "BrenoHomeWorkFeb9th" */ = {
			isa = XCConfigurationList;
			buildConfigurations = (
				555FA34D1E4D143B00B0EFA5 /* Debug */,
				555FA34E1E4D143B00B0EFA5 /* Release */,
			);
			defaultConfigurationIsVisible = 0;
			defaultConfigurationName = Release;
		};
		555FA34F1E4D143B00B0EFA5 /* Build configuration list for PBXNativeTarget "BrenoHomeWorkFeb9th" */ = {
			isa = XCConfigurationList;
			buildConfigurations = (
				555FA3501E4D143B00B0EFA5 /* Debug */,
				555FA3511E4D143B00B0EFA5 /* Release */,
			);
			defaultConfigurationIsVisible = 0;
		};
/* End XCConfigurationList section */
	};
	rootObject = 555FA3401E4D143B00B0EFA5 /* Project object */;
}
